
Microsoft Visual Studio Solution File, Format Version 12.00
# Visual Studio 15
Project("{FAE04EC0-301F-11D3-BF4B-00C04F79EFBC}") = "Assembly-CSharp", "Assembly-CSharp.csproj", "{C674C114-4456-BA65-1BEE-2F1C6720C0B0}"
EndProject
Project("{FAE04EC0-301F-11D3-BF4B-00C04F79EFBC}") = "Assembly-CSharp-Editor", "Assembly-CSharp-Editor.csproj", "{EB9FE9DB-C5CD-EEF9-6A22-6EFDE76E70F2}"
EndProject
Global
	GlobalSection(SolutionConfigurationPlatforms) = preSolution
		Debug|Any CPU = Debug|Any CPU
		Release|Any CPU = Release|Any CPU
	EndGlobalSection
	GlobalSection(ProjectConfigurationPlatforms) = postSolution
		{C674C114-4456-BA65-1BEE-2F1C6720C0B0}.Debug|Any CPU.ActiveCfg = Debug|Any CPU
		{C674C114-4456-BA65-1BEE-2F1C6720C0B0}.Debug|Any CPU.Build.0 = Debug|Any CPU
		{C674C114-4456-BA65-1BEE-2F1C6720C0B0}.Release|Any CPU.ActiveCfg = Release|Any CPU
		{C674C114-4456-BA65-1BEE-2F1C6720C0B0}.Release|Any CPU.Build.0 = Release|Any CPU
		{EB9FE9DB-C5CD-EEF9-6A22-6EFDE76E70F2}.Debug|Any CPU.ActiveCfg = Debug|Any CPU
		{EB9FE9DB-C5CD-EEF9-6A22-6EFDE76E70F2}.Debug|Any CPU.Build.0 = Debug|Any CPU
		{EB9FE9DB-C5CD-EEF9-6A22-6EFDE76E70F2}.Release|Any CPU.ActiveCfg = Release|Any CPU
		{EB9FE9DB-C5CD-EEF9-6A22-6EFDE76E70F2}.Release|Any CPU.Build.0 = Release|Any CPU
	EndGlobalSection
	GlobalSection(SolutionProperties) = preSolution
		HideSolutionNode = FALSE
	EndGlobalSection
EndGlobal
